
Microsoft Visual Studio Solution File, Format Version 12.00
# Visual Studio 15
VisualStudioVersion = 15.0.27130.2027
MinimumVisualStudioVersion = 10.0.40219.1
Project("{FAE04EC0-301F-11D3-BF4B-00C04F79EFBC}") = "WebApplication2", "WebApplication2\WebApplication2.csproj", "{413247C5-009D-4978-8E6A-8657FFF0460F}"
EndProject
Project("{FAE04EC0-301F-11D3-BF4B-00C04F79EFBC}") = "WebApplication1", "WebApplication1\WebApplication1.csproj", "{808559D8-397C-4799-9A85-C1E225E02153}"
EndProject
Global
	GlobalSection(SolutionConfigurationPlatforms) = preSolution
		Debug|Any CPU = Debug|Any CPU
		Release|Any CPU = Release|Any CPU
	EndGlobalSection
	GlobalSection(ProjectConfigurationPlatforms) = postSolution
		{413247C5-009D-4978-8E6A-8657FFF0460F}.Debug|Any CPU.ActiveCfg = Debug|Any CPU
		{413247C5-009D-4978-8E6A-8657FFF0460F}.Debug|Any CPU.Build.0 = Debug|Any CPU
		{413247C5-009D-4978-8E6A-8657FFF0460F}.Release|Any CPU.ActiveCfg = Release|Any CPU
		{413247C5-009D-4978-8E6A-8657FFF0460F}.Release|Any CPU.Build.0 = Release|Any CPU
		{808559D8-397C-4799-9A85-C1E225E02153}.Debug|Any CPU.ActiveCfg = Debug|Any CPU
		{808559D8-397C-4799-9A85-C1E225E02153}.Debug|Any CPU.Build.0 = Debug|Any CPU
		{808559D8-397C-4799-9A85-C1E225E02153}.Release|Any CPU.ActiveCfg = Release|Any CPU
		{808559D8-397C-4799-9A85-C1E225E02153}.Release|Any CPU.Build.0 = Release|Any CPU
	EndGlobalSection
	GlobalSection(SolutionProperties) = preSolution
		HideSolutionNode = FALSE
	EndGlobalSection
	GlobalSection(ExtensibilityGlobals) = postSolution
		SolutionGuid = {3EC0B0AC-6414-48DF-A103-0CE9753D47F0}
	EndGlobalSection
EndGlobal
